// !$*UTF8*$!
{
	archiveVersion = 1;
	classes = {
	};
	objectVersion = 50;
	objects = {

/* Begin PBXBuildFile section */
		84CC80D82244BC3C00EBD7C4 /* AppDelegate.swift in Sources */ = {isa = PBXBuildFile; fileRef = 84CC80D72244BC3C00EBD7C4 /* AppDelegate.swift */; };
		84CC80DA2244BC3C00EBD7C4 /* ViewController.swift in Sources */ = {isa = PBXBuildFile; fileRef = 84CC80D92244BC3C00EBD7C4 /* ViewController.swift */; };
		84CC80DD2244BC3C00EBD7C4 /* Main.storyboard in Resources */ = {isa = PBXBuildFile; fileRef = 84CC80DB2244BC3C00EBD7C4 /* Main.storyboard */; };
		84CC80DF2244BC3D00EBD7C4 /* Assets.xcassets in Resources */ = {isa = PBXBuildFile; fileRef = 84CC80DE2244BC3D00EBD7C4 /* Assets.xcassets */; };
		84CC80E22244BC3D00EBD7C4 /* LaunchScreen.storyboard in Resources */ = {isa = PBXBuildFile; fileRef = 84CC80E02244BC3D00EBD7C4 /* LaunchScreen.storyboard */; };
		84CC80EC2244C4F600EBD7C4 /* Apple.mp4 in Resources */ = {isa = PBXBuildFile; fileRef = 84CC80EB2244C4F600EBD7C4 /* Apple.mp4 */; };
		84CC80EE2244C81A00EBD7C4 /* lighthouse.mp3 in Resources */ = {isa = PBXBuildFile; fileRef = 84CC80ED2244C81A00EBD7C4 /* lighthouse.mp3 */; };
/* End PBXBuildFile section */

/* Begin PBXFileReference section */
		84CC80D42244BC3C00EBD7C4 /* Audio Video.app */ = {isa = PBXFileReference; explicitFileType = wrapper.application; includeInIndex = 0; path = "Audio Video.app"; sourceTree = BUILT_PRODUCTS_DIR; };
		84CC80D72244BC3C00EBD7C4 /* AppDelegate.swift */ = {isa = PBXFileReference; lastKnownFileType = sourcecode.swift; path = AppDelegate.swift; sourceTree = "<group>"; };
		84CC80D92244BC3C00EBD7C4 /* ViewController.swift */ = {isa = PBXFileReference; lastKnownFileType = sourcecode.swift; path = ViewController.swift; sourceTree = "<group>"; };
		84CC80DC2244BC3C00EBD7C4 /* Base */ = {isa = PBXFileReference; lastKnownFileType = file.storyboard; name = Base; path = Base.lproj/Main.storyboard; sourceTree = "<group>"; };
		84CC80DE2244BC3D00EBD7C4 /* Assets.xcassets */ = {isa = PBXFileReference; lastKnownFileType = folder.assetcatalog; path = Assets.xcassets; sourceTree = "<group>"; };
		84CC80E12244BC3D00EBD7C4 /* Base */ = {isa = PBXFileReference; lastKnownFileType = file.storyboard; name = Base; path = Base.lproj/LaunchScreen.storyboard; sourceTree = "<group>"; };
		84CC80E32244BC3D00EBD7C4 /* Info.plist */ = {isa = PBXFileReference; lastKnownFileType = text.plist.xml; path = Info.plist; sourceTree = "<group>"; };
		84CC80EB2244C4F600EBD7C4 /* Apple.mp4 */ = {isa = PBXFileReference; lastKnownFileType = file; path = Apple.mp4; sourceTree = "<group>"; };
		84CC80ED2244C81A00EBD7C4 /* lighthouse.mp3 */ = {isa = PBXFileReference; lastKnownFileType = audio.mp3; path = lighthouse.mp3; sourceTree = "<group>"; };
/* End PBXFileReference section */

/* Begin PBXFrameworksBuildPhase section */
		84CC80D12244BC3C00EBD7C4 /* Frameworks */ = {
			isa = PBXFrameworksBuildPhase;
			buildActionMask = 2147483647;
			files = (
			);
			runOnlyForDeploymentPostprocessing = 0;
		};
/* End PBXFrameworksBuildPhase section */

/* Begin PBXGroup section */
		84CC80CB2244BC3C00EBD7C4 = {
			isa = PBXGroup;
			children = (
				84CC80D62244BC3C00EBD7C4 /* Audio Video */,
				84CC80D52244BC3C00EBD7C4 /* Products */,
			);
			sourceTree = "<group>";
		};
		84CC80D52244BC3C00EBD7C4 /* Products */ = {
			isa = PBXGroup;
			children = (
				84CC80D42244BC3C00EBD7C4 /* Audio Video.app */,
			);
			name = Products;
			sourceTree = "<group>";
		};
		84CC80D62244BC3C00EBD7C4 /* Audio Video */ = {
			isa = PBXGroup;
			children = (
				84CC80ED2244C81A00EBD7C4 /* lighthouse.mp3 */,
				84CC80EB2244C4F600EBD7C4 /* Apple.mp4 */,
				84CC80D72244BC3C00EBD7C4 /* AppDelegate.swift */,
				84CC80D92244BC3C00EBD7C4 /* ViewController.swift */,
				84CC80DB2244BC3C00EBD7C4 /* Main.storyboard */,
				84CC80DE2244BC3D00EBD7C4 /* Assets.xcassets */,
				84CC80E02244BC3D00EBD7C4 /* LaunchScreen.storyboard */,
				84CC80E32244BC3D00EBD7C4 /* Info.plist */,
			);
			path = "Audio Video";
			sourceTree = "<group>";
		};
/* End PBXGroup section */

/* Begin PBXNativeTarget section */
		84CC80D32244BC3C00EBD7C4 /* Audio Video */ = {
			isa = PBXNativeTarget;
			buildConfigurationList = 84CC80E62244BC3D00EBD7C4 /* Build configuration list for PBXNativeTarget "Audio Video" */;
			buildPhases = (
				84CC80D02244BC3C00EBD7C4 /* Sources */,
				84CC80D12244BC3C00EBD7C4 /* Frameworks */,
				84CC80D22244BC3C00EBD7C4 /* Resources */,
			);
			buildRules = (
			);
			dependencies = (
			);
			name = "Audio Video";
			productName = "Audio Video";
			productReference = 84CC80D42244BC3C00EBD7C4 /* Audio Video.app */;
			productType = "com.apple.product-type.application";
		};
/* End PBXNativeTarget section */

/* Begin PBXProject section */
		84CC80CC2244BC3C00EBD7C4 /* Project object */ = {
			isa = PBXProject;
			attributes = {
				LastSwiftUpdateCheck = 1010;
				LastUpgradeCheck = 1010;
				ORGANIZATIONNAME = ACE;
				TargetAttributes = {
					84CC80D32244BC3C00EBD7C4 = {
						CreatedOnToolsVersion = 10.1;
					};
				};
			};
			buildConfigurationList = 84CC80CF2244BC3C00EBD7C4 /* Build configuration list for PBXProject "Audio Video" */;
			compatibilityVersion = "Xcode 9.3";
			developmentRegion = en;
			hasScannedForEncodings = 0;
			knownRegions = (
				en,
				Base,
			);
			mainGroup = 84CC80CB2244BC3C00EBD7C4;
			productRefGroup = 84CC80D52244BC3C00EBD7C4 /* Products */;
			projectDirPath = "";
			projectRoot = "";
			targets = (
				84CC80D32244BC3C00EBD7C4 /* Audio Video */,
			);
		};
/* End PBXProject section */

/* Begin PBXResourcesBuildPhase section */
		84CC80D22244BC3C00EBD7C4 /* Resources */ = {
			isa = PBXResourcesBuildPhase;
			buildActionMask = 2147483647;
			files = (
				84CC80EC2244C4F600EBD7C4 /* Apple.mp4 in Resources */,
				84CC80EE2244C81A00EBD7C4 /* lighthouse.mp3 in Resources */,
				84CC80E22244BC3D00EBD7C4 /* LaunchScreen.storyboard in Resources */,
				84CC80DF2244BC3D00EBD7C4 /* Assets.xcassets in Resources */,
				84CC80DD2244BC3C00EBD7C4 /* Main.storyboard in Resources */,
			);
			runOnlyForDeploymentPostprocessing = 0;
		};
/* End PBXResourcesBuildPhase section */

/* Begin PBXSourcesBuildPhase section */
		84CC80D02244BC3C00EBD7C4 /* Sources */ = {
			isa = PBXSourcesBuildPhase;
			buildActionMask = 2147483647;
			files = (
				84CC80DA2244BC3C00EBD7C4 /* ViewController.swift in Sources */,
				84CC80D82244BC3C00EBD7C4 /* AppDelegate.swift in Sources */,
			);
			runOnlyForDeploymentPostprocessing = 0;
		};
/* End PBXSourcesBuildPhase section */

/* Begin PBXVariantGroup section */
		84CC80DB2244BC3C00EBD7C4 /* Main.storyboard */ = {
			isa = PBXVariantGroup;
			children = (
				84CC80DC2244BC3C00EBD7C4 /* Base */,
			);
			name = Main.storyboard;
			sourceTree = "<group>";
		};
		84CC80E02244BC3D00EBD7C4 /* LaunchScreen.storyboard */ = {
			isa = PBXVariantGroup;
			children = (
				84CC80E12244BC3D00EBD7C4 /* Base */,
			);
			name = LaunchScreen.storyboard;
			sourceTree = "<group>";
		};
/* End PBXVariantGroup section */

/* Begin XCBuildConfiguration section */
		84CC80E42244BC3D00EBD7C4 /* Debug */ = {
			isa = XCBuildConfiguration;
			buildSettings = {
				ALWAYS_SEARCH_USER_PATHS = NO;
				CLANG_ANALYZER_NONNULL = YES;
				CLANG_ANALYZER_NUMBER_OBJECT_CONVERSION = YES_AGGRESSIVE;
				CLANG_CXX_LANGUAGE_STANDARD = "gnu++14";
				CLANG_CXX_LIBRARY = "libc++";
				CLANG_ENABLE_MODULES = YES;
				CLANG_ENABLE_OBJC_ARC = YES;
				CLANG_ENABLE_OBJC_WEAK = YES;
				CLANG_WARN_BLOCK_CAPTURE_AUTORELEASING = YES;
				CLANG_WARN_BOOL_CONVERSION = YES;
				CLANG_WARN_COMMA = YES;
				CLANG_WARN_CONSTANT_CONVERSION = YES;
				CLANG_WARN_DEPRECATED_OBJC_IMPLEMENTATIONS = YES;
				CLANG_WARN_DIRECT_OBJC_ISA_USAGE = YES_ERROR;
				CLANG_WARN_DOCUMENTATION_COMMENTS = YES;
				CLANG_WARN_EMPTY_BODY = YES;
				CLANG_WARN_ENUM_CONVERSION = YES;
				CLANG_WARN_INFINITE_RECURSION = YES;
				CLANG_WARN_INT_CONVERSION = YES;
				CLANG_WARN_NON_LITERAL_NULL_CONVERSION = YES;
				CLANG_WARN_OBJC_IMPLICIT_RETAIN_SELF = YES;
				CLANG_WARN_OBJC_LITERAL_CONVERSION = YES;
				CLANG_WARN_OBJC_ROOT_CLASS = YES_ERROR;
				CLANG_WARN_RANGE_LOOP_ANALYSIS = YES;
				CLANG_WARN_STRICT_PROTOTYPES = YES;
				CLANG_WARN_SUSPICIOUS_MOVE = YES;
				CLANG_WARN_UNGUARDED_AVAILABILITY = YES_AGGRESSIVE;
				CLANG_WARN_UNREACHABLE_CODE = YES;
				CLANG_WARN__DUPLICATE_METHOD_MATCH = YES;
				CODE_SIGN_IDENTITY = "iPhone Developer";
				COPY_PHASE_STRIP = NO;
				DEBUG_INFORMATION_FORMAT = dwarf;
				ENABLE_STRICT_OBJC_MSGSEND = YES;
				ENABLE_TESTABILITY = YES;
				GCC_C_LANGUAGE_STANDARD = gnu11;
				GCC_DYNAMIC_NO_PIC = NO;
				GCC_NO_COMMON_BLOCKS = YES;
				GCC_OPTIMIZATION_LEVEL = 0;
				GCC_PREPROCESSOR_DEFINITIONS = (
					"DEBUG=1",
					"$(inherited)",
				);
				GCC_WARN_64_TO_32_BIT_CONVERSION = YES;
				GCC_WARN_ABOUT_RETURN_TYPE = YES_ERROR;
				GCC_WARN_UNDECLARED_SELECTOR = YES;
				GCC_WARN_UNINITIALIZED_AUTOS = YES_AGGRESSIVE;
				GCC_WARN_UNUSED_FUNCTION = YES;
				GCC_WARN_UNUSED_VARIABLE = YES;
				IPHONEOS_DEPLOYMENT_TARGET = 12.1;
				MTL_ENABLE_DEBUG_INFO = INCLUDE_SOURCE;
				MTL_FAST_MATH = YES;
				ONLY_ACTIVE_ARCH = YES;
				SDKROOT = iphoneos;
				SWIFT_ACTIVE_COMPILATION_CONDITIONS = DEBUG;
				SWIFT_OPTIMIZATION_LEVEL = "-Onone";
			};
			name = Debug;
		};
		84CC80E52244BC3D00EBD7C4 /* Release */ = {
			isa = XCBuildConfiguration;
			buildSettings = {
				ALWAYS_SEARCH_USER_PATHS = NO;
				CLANG_ANALYZER_NONNULL = YES;
				CLANG_ANALYZER_NUMBER_OBJECT_CONVERSION = YES_AGGRESSIVE;
				CLANG_CXX_LANGUAGE_STANDARD = "gnu++14";
				CLANG_CXX_LIBRARY = "libc++";
				CLANG_ENABLE_MODULES = YES;
				CLANG_ENABLE_OBJC_ARC = YES;
				CLANG_ENABLE_OBJC_WEAK = YES;
				CLANG_WARN_BLOCK_CAPTURE_AUTORELEASING = YES;
				CLANG_WARN_BOOL_CONVERSION = YES;
				CLANG_WARN_COMMA = YES;
				CLANG_WARN_CONSTANT_CONVERSION = YES;
				CLANG_WARN_DEPRECATED_OBJC_IMPLEMENTATIONS = YES;
				CLANG_WARN_DIRECT_OBJC_ISA_USAGE = YES_ERROR;
				CLANG_WARN_DOCUMENTATION_COMMENTS = YES;
				CLANG_WARN_EMPTY_BODY = YES;
				CLANG_WARN_ENUM_CONVERSION = YES;
				CLANG_WARN_INFINITE_RECURSION = YES;
				CLANG_WARN_INT_CONVERSION = YES;
				CLANG_WARN_NON_LITERAL_NULL_CONVERSION = YES;
				CLANG_WARN_OBJC_IMPLICIT_RETAIN_SELF = YES;
				CLANG_WARN_OBJC_LITERAL_CONVERSION = YES;
				CLANG_WARN_OBJC_ROOT_CLASS = YES_ERROR;
				CLANG_WARN_RANGE_LOOP_ANALYSIS = YES;
				CLANG_WARN_STRICT_PROTOTYPES = YES;
				CLANG_WARN_SUSPICIOUS_MOVE = YES;
				CLANG_WARN_UNGUARDED_AVAILABILITY = YES_AGGRESSIVE;
				CLANG_WARN_UNREACHABLE_CODE = YES;
				CLANG_WARN__DUPLICATE_METHOD_MATCH = YES;
				CODE_SIGN_IDENTITY = "iPhone Developer";
				COPY_PHASE_STRIP = NO;
				DEBUG_INFORMATION_FORMAT = "dwarf-with-dsym";
				ENABLE_NS_ASSERTIONS = NO;
				ENABLE_STRICT_OBJC_MSGSEND = YES;
				GCC_C_LANGUAGE_STANDARD = gnu11;
				GCC_NO_COMMON_BLOCKS = YES;
				GCC_WARN_64_TO_32_BIT_CONVERSION = YES;
				GCC_WARN_ABOUT_RETURN_TYPE = YES_ERROR;
				GCC_WARN_UNDECLARED_SELECTOR = YES;
				GCC_WARN_UNINITIALIZED_AUTOS = YES_AGGRESSIVE;
				GCC_WARN_UNUSED_FUNCTION = YES;
				GCC_WARN_UNUSED_VARIABLE = YES;
				IPHONEOS_DEPLOYMENT_TARGET = 12.1;
				MTL_ENABLE_DEBUG_INFO = NO;
				MTL_FAST_MATH = YES;
				SDKROOT = iphoneos;
				SWIFT_COMPILATION_MODE = wholemodule;
				SWIFT_OPTIMIZATION_LEVEL = "-O";
				VALIDATE_PRODUCT = YES;
			};
			name = Release;
		};
		84CC80E72244BC3D00EBD7C4 /* Debug */ = {
			isa = XCBuildConfiguration;
			buildSettings = {
				ASSETCATALOG_COMPILER_APPICON_NAME = AppIcon;
				CODE_SIGN_STYLE = Automatic;
				INFOPLIST_FILE = "Audio Video/Info.plist";
				LD_RUNPATH_SEARCH_PATHS = (
					"$(inherited)",
					"@executable_path/Frameworks",
				);
				PRODUCT_BUNDLE_IDENTIFIER = "com.atharva.Audio-Video";
				PRODUCT_NAME = "$(TARGET_NAME)";
				SWIFT_VERSION = 4.2;
				TARGETED_DEVICE_FAMILY = "1,2";
			};
			name = Debug;
		};
		84CC80E82244BC3D00EBD7C4 /* Release */ = {
			isa = XCBuildConfiguration;
			buildSettings = {
				ASSETCATALOG_COMPILER_APPICON_NAME = AppIcon;
				CODE_SIGN_STYLE = Automatic;
				INFOPLIST_FILE = "Audio Video/Info.plist";
				LD_RUNPATH_SEARCH_PATHS = (
					"$(inherited)",
					"@executable_path/Frameworks",
				);
				PRODUCT_BUNDLE_IDENTIFIER = "com.atharva.Audio-Video";
				PRODUCT_NAME = "$(TARGET_NAME)";
				SWIFT_VERSION = 4.2;
				TARGETED_DEVICE_FAMILY = "1,2";
			};
			name = Release;
		};
/* End XCBuildConfiguration section */

/* Begin XCConfigurationList section */
		84CC80CF2244BC3C00EBD7C4 /* Build configuration list for PBXProject "Audio Video" */ = {
			isa = XCConfigurationList;
			buildConfigurations = (
				84CC80E42244BC3D00EBD7C4 /* Debug */,
				84CC80E52244BC3D00EBD7C4 /* Release */,
			);
			defaultConfigurationIsVisible = 0;
			defaultConfigurationName = Release;
		};
		84CC80E62244BC3D00EBD7C4 /* Build configuration list for PBXNativeTarget "Audio Video" */ = {
			isa = XCConfigurationList;
			buildConfigurations = (
				84CC80E72244BC3D00EBD7C4 /* Debug */,
				84CC80E82244BC3D00EBD7C4 /* Release */,
			);
			defaultConfigurationIsVisible = 0;
			defaultConfigurationName = Release;
		};
/* End XCConfigurationList section */
	};
	rootObject = 84CC80CC2244BC3C00EBD7C4 /* Project object */;
}
